<?xml version="1.0" encoding="utf-8"?>
<Project ToolsVersion="4.0" xmlns="http://schemas.microsoft.com/developer/msbuild/2003">
  <ItemGroup>
    <Filter Include="Resource Files">
      <UniqueIdentifier>{67DA6AB6-F800-4c08-8B7A-83BB121AAD01}</UniqueIdentifier>
      <Extensions>rc;ico;cur;bmp;dlg;rc2;rct;bin;rgs;gif;jpg;jpeg;jpe;resx;tiff;tif;png;wav;mfcribbon-ms</Extensions>
    </Filter>
    <Filter Include="Include">
      <UniqueIdentifier>{52078e88-ce8d-4258-a172-b80dfb84779e}</UniqueIdentifier>
    </Filter>
    <Filter Include="MyHacks">
      <UniqueIdentifier>{c20aab1b-ca28-4d1d-8838-b87113a0cff2}</UniqueIdentifier>
    </Filter>
    <Filter Include="code">
      <UniqueIdentifier>{4FC737F1-C7A5-4376-A066-2A32D752A2FF}</UniqueIdentifier>
      <Extensions>
      </Extensions>
    </Filter>
    <Filter Include="contrib">
      <UniqueIdentifier>{4d60bc26-03c7-4f8d-80c9-97a431323c0d}</UniqueIdentifier>
    </Filter>
    <Filter Include="contrib\clipper">
      <UniqueIdentifier>{3561294b-22c8-4201-8eb1-21157698e152}</UniqueIdentifier>
    </Filter>
    <Filter Include="contrib\ConvertUTF">
      <UniqueIdentifier>{14385d71-152f-488d-8dd8-cb44774f291f}</UniqueIdentifier>
    </Filter>
    <Filter Include="contrib\irrXML">
      <UniqueIdentifier>{27c467fe-7129-4a79-bb28-64173168a0fd}</UniqueIdentifier>
    </Filter>
    <Filter Include="contrib\poly2tri">
      <UniqueIdentifier>{0f9461df-ac80-4593-b6ce-25b6b28d1ac4}</UniqueIdentifier>
    </Filter>
    <Filter Include="contrib\poly2tri\common">
      <UniqueIdentifier>{3428fb9d-d3ad-47f7-a972-6b13683c01e0}</UniqueIdentifier>
    </Filter>
    <Filter Include="contrib\poly2tri\sweep">
      <UniqueIdentifier>{77485376-facb-4130-b049-e9de088cdc12}</UniqueIdentifier>
    </Filter>
    <Filter Include="contrib\unzip">
      <UniqueIdentifier>{ce49b943-413d-4dce-95e7-2e1be63434a5}</UniqueIdentifier>
    </Filter>
    <Filter Include="contrib\zlib">
      <UniqueIdentifier>{6b0a79f5-5152-4c5f-82eb-39ca27de65ab}</UniqueIdentifier>
    </Filter>
    <Filter Include="contrib\openddlparser">
      <UniqueIdentifier>{8e883be8-fe11-411b-9a7d-23605bd4f63e}</UniqueIdentifier>
    </Filter>
    <Filter Include="contrib\openddlparser\code">
      <UniqueIdentifier>{6f34f3d4-8d42-4256-b899-aa42401918f0}</UniqueIdentifier>
    </Filter>
    <Filter Include="contrib\rapidjson">
      <UniqueIdentifier>{c7546b74-f221-40cc-a26f-7beceddd3bac}</UniqueIdentifier>
    </Filter>
  </ItemGroup>
  <ItemGroup>
    <ClCompile Include="..\..\..\assimp\contrib\clipper\clipper.cpp">
      <Filter>contrib\clipper</Filter>
    </ClCompile>
    <ClCompile Include="..\..\..\assimp\contrib\ConvertUTF\ConvertUTF.c">
      <Filter>contrib\ConvertUTF</Filter>
    </ClCompile>
    <ClCompile Include="..\..\..\assimp\contrib\irrXML\irrXML.cpp">
      <Filter>contrib\irrXML</Filter>
    </ClCompile>
    <ClCompile Include="..\..\..\assimp\contrib\poly2tri\poly2tri\common\shapes.cc">
      <Filter>contrib\poly2tri\common</Filter>
    </ClCompile>
    <ClCompile Include="..\..\..\assimp\contrib\poly2tri\poly2tri\sweep\advancing_front.cc">
      <Filter>contrib\poly2tri\sweep</Filter>
    </ClCompile>
    <ClCompile Include="..\..\..\assimp\contrib\poly2tri\poly2tri\sweep\cdt.cc">
      <Filter>contrib\poly2tri\sweep</Filter>
    </ClCompile>
    <ClCompile Include="..\..\..\assimp\contrib\poly2tri\poly2tri\sweep\sweep.cc">
      <Filter>contrib\poly2tri\sweep</Filter>
    </ClCompile>
    <ClCompile Include="..\..\..\assimp\contrib\poly2tri\poly2tri\sweep\sweep_context.cc">
      <Filter>contrib\poly2tri\sweep</Filter>
    </ClCompile>
    <ClCompile Include="..\..\..\assimp\contrib\unzip\ioapi.c">
      <Filter>contrib\unzip</Filter>
    </ClCompile>
    <ClCompile Include="..\..\..\assimp\contrib\unzip\unzip.c">
      <Filter>contrib\unzip</Filter>
    </ClCompile>
    <ClCompile Include="..\..\..\assimp\contrib\zlib\adler32.c">
      <Filter>contrib\zlib</Filter>
    </ClCompile>
    <ClCompile Include="..\..\..\assimp\contrib\zlib\compress.c">
      <Filter>contrib\zlib</Filter>
    </ClCompile>
    <ClCompile Include="..\..\..\assimp\contrib\zlib\crc32.c">
      <Filter>contrib\zlib</Filter>
    </ClCompile>
    <ClCompile Include="..\..\..\assimp\contrib\zlib\deflate.c">
      <Filter>contrib\zlib</Filter>
    </ClCompile>
    <ClCompile Include="..\..\..\assimp\contrib\zlib\gzclose.c">
      <Filter>contrib\zlib</Filter>
    </ClCompile>
    <ClCompile Include="..\..\..\assimp\contrib\zlib\gzlib.c">
      <Filter>contrib\zlib</Filter>
    </ClCompile>
    <ClCompile Include="..\..\..\assimp\contrib\zlib\gzread.c">
      <Filter>contrib\zlib</Filter>
    </ClCompile>
    <ClCompile Include="..\..\..\assimp\contrib\zlib\gzwrite.c">
      <Filter>contrib\zlib</Filter>
    </ClCompile>
    <ClCompile Include="..\..\..\assimp\contrib\zlib\infback.c">
      <Filter>contrib\zlib</Filter>
    </ClCompile>
    <ClCompile Include="..\..\..\assimp\contrib\zlib\inffast.c">
      <Filter>contrib\zlib</Filter>
    </ClCompile>
    <ClCompile Include="..\..\..\assimp\contrib\zlib\inflate.c">
      <Filter>contrib\zlib</Filter>
    </ClCompile>
    <ClCompile Include="..\..\..\assimp\contrib\zlib\inftrees.c">
      <Filter>contrib\zlib</Filter>
    </ClCompile>
    <ClCompile Include="..\..\..\assimp\contrib\zlib\trees.c">
      <Filter>contrib\zlib</Filter>
    </ClCompile>
    <ClCompile Include="..\..\..\assimp\contrib\zlib\uncompr.c">
      <Filter>contrib\zlib</Filter>
    </ClCompile>
    <ClCompile Include="..\..\..\assimp\contrib\zlib\zutil.c">
      <Filter>contrib\zlib</Filter>
    </ClCompile>
    <ClCompile Include="..\..\..\assimp\contrib\openddlparser\code\DDLNode.cpp">
      <Filter>contrib\openddlparser\code</Filter>
    </ClCompile>
    <ClCompile Include="..\..\..\assimp\contrib\openddlparser\code\OpenDDLCommon.cpp">
      <Filter>contrib\openddlparser\code</Filter>
    </ClCompile>
    <ClCompile Include="..\..\..\assimp\contrib\openddlparser\code\OpenDDLExport.cpp">
      <Filter>contrib\openddlparser\code</Filter>
    </ClCompile>
    <ClCompile Include="..\..\..\assimp\contrib\openddlparser\code\OpenDDLParser.cpp">
      <Filter>contrib\openddlparser\code</Filter>
    </ClCompile>
    <ClCompile Include="..\..\..\assimp\contrib\openddlparser\code\Value.cpp">
      <Filter>contrib\openddlparser\code</Filter>
    </ClCompile>
    <ClCompile Include="..\..\..\assimp\code\3DSConverter.cpp">
      <Filter>code</Filter>
    </ClCompile>
    <ClCompile Include="..\..\..\assimp\code\3DSExporter.cpp">
      <Filter>code</Filter>
    </ClCompile>
    <ClCompile Include="..\..\..\assimp\code\3DSLoader.cpp">
      <Filter>code</Filter>
    </ClCompile>
    <ClCompile Include="..\..\..\assimp\code\ACLoader.cpp">
      <Filter>code</Filter>
    </ClCompile>
    <ClCompile Include="..\..\..\assimp\code\ASELoader.cpp">
      <Filter>code</Filter>
    </ClCompile>
    <ClCompile Include="..\..\..\assimp\code\ASEParser.cpp">
      <Filter>code</Filter>
    </ClCompile>
    <ClCompile Include="..\..\..\assimp\code\AssbinExporter.cpp">
      <Filter>code</Filter>
    </ClCompile>
    <ClCompile Include="..\..\..\assimp\code\AssbinLoader.cpp">
      <Filter>code</Filter>
    </ClCompile>
    <ClCompile Include="..\..\..\assimp\code\Assimp.cpp">
      <Filter>code</Filter>
    </ClCompile>
    <ClCompile Include="..\..\..\assimp\code\AssimpCExport.cpp">
      <Filter>code</Filter>
    </ClCompile>
    <ClCompile Include="..\..\..\assimp\code\AssxmlExporter.cpp">
      <Filter>code</Filter>
    </ClCompile>
    <ClCompile Include="..\..\..\assimp\code\B3DImporter.cpp">
      <Filter>code</Filter>
    </ClCompile>
    <ClCompile Include="..\..\..\assimp\code\BaseImporter.cpp">
      <Filter>code</Filter>
    </ClCompile>
    <ClCompile Include="..\..\..\assimp\code\BaseProcess.cpp">
      <Filter>code</Filter>
    </ClCompile>
    <ClCompile Include="..\..\..\assimp\code\Bitmap.cpp">
      <Filter>code</Filter>
    </ClCompile>
    <ClCompile Include="..\..\..\assimp\code\BlenderBMesh.cpp">
      <Filter>code</Filter>
    </ClCompile>
    <ClCompile Include="..\..\..\assimp\code\BlenderDNA.cpp">
      <Filter>code</Filter>
    </ClCompile>
    <ClCompile Include="..\..\..\assimp\code\BlenderLoader.cpp">
      <Filter>code</Filter>
    </ClCompile>
    <ClCompile Include="..\..\..\assimp\code\BlenderModifier.cpp">
      <Filter>code</Filter>
    </ClCompile>
    <ClCompile Include="..\..\..\assimp\code\BlenderScene.cpp">
      <Filter>code</Filter>
    </ClCompile>
    <ClCompile Include="..\..\..\assimp\code\BlenderTessellator.cpp">
      <Filter>code</Filter>
    </ClCompile>
    <ClCompile Include="..\..\..\assimp\code\BVHLoader.cpp">
      <Filter>code</Filter>
    </ClCompile>
    <ClCompile Include="..\..\..\assimp\code\CalcTangentsProcess.cpp">
      <Filter>code</Filter>
    </ClCompile>
    <ClCompile Include="..\..\..\assimp\code\COBLoader.cpp">
      <Filter>code</Filter>
    </ClCompile>
    <ClCompile Include="..\..\..\assimp\code\ColladaExporter.cpp">
      <Filter>code</Filter>
    </ClCompile>
    <ClCompile Include="..\..\..\assimp\code\ColladaLoader.cpp">
      <Filter>code</Filter>
    </ClCompile>
    <ClCompile Include="..\..\..\assimp\code\ColladaParser.cpp">
      <Filter>code</Filter>
    </ClCompile>
    <ClCompile Include="..\..\..\assimp\code\ComputeUVMappingProcess.cpp">
      <Filter>code</Filter>
    </ClCompile>
    <ClCompile Include="..\..\..\assimp\code\ConvertToLHProcess.cpp">
      <Filter>code</Filter>
    </ClCompile>
    <ClCompile Include="..\..\..\assimp\code\CSMLoader.cpp">
      <Filter>code</Filter>
    </ClCompile>
    <ClCompile Include="..\..\..\assimp\code\DeboneProcess.cpp">
      <Filter>code</Filter>
    </ClCompile>
    <ClCompile Include="..\..\..\assimp\code\DefaultIOStream.cpp">
      <Filter>code</Filter>
    </ClCompile>
    <ClCompile Include="..\..\..\assimp\code\DefaultIOSystem.cpp">
      <Filter>code</Filter>
    </ClCompile>
    <ClCompile Include="..\..\..\assimp\code\DefaultLogger.cpp">
      <Filter>code</Filter>
    </ClCompile>
    <ClCompile Include="..\..\..\assimp\code\DXFLoader.cpp">
      <Filter>code</Filter>
    </ClCompile>
    <ClCompile Include="..\..\..\assimp\code\Exporter.cpp">
      <Filter>code</Filter>
    </ClCompile>
    <ClCompile Include="..\..\..\assimp\code\FBXAnimation.cpp">
      <Filter>code</Filter>
    </ClCompile>
    <ClCompile Include="..\..\..\assimp\code\FBXBinaryTokenizer.cpp">
      <Filter>code</Filter>
    </ClCompile>
    <ClCompile Include="..\..\..\assimp\code\FBXConverter.cpp">
      <Filter>code</Filter>
    </ClCompile>
    <ClCompile Include="..\..\..\assimp\code\FBXDeformer.cpp">
      <Filter>code</Filter>
    </ClCompile>
    <ClCompile Include="..\..\..\assimp\code\FBXDocument.cpp">
      <Filter>code</Filter>
    </ClCompile>
    <ClCompile Include="..\..\..\assimp\code\FBXDocumentUtil.cpp">
      <Filter>code</Filter>
    </ClCompile>
    <ClCompile Include="..\..\..\assimp\code\FBXImporter.cpp">
      <Filter>code</Filter>
    </ClCompile>
    <ClCompile Include="..\..\..\assimp\code\FBXMaterial.cpp">
      <Filter>code</Filter>
    </ClCompile>
    <ClCompile Include="..\..\..\assimp\code\FBXMeshGeometry.cpp">
      <Filter>code</Filter>
    </ClCompile>
    <ClCompile Include="..\..\..\assimp\code\FBXModel.cpp">
      <Filter>code</Filter>
    </ClCompile>
    <ClCompile Include="..\..\..\assimp\code\FBXNodeAttribute.cpp">
      <Filter>code</Filter>
    </ClCompile>
    <ClCompile Include="..\..\..\assimp\code\FBXParser.cpp">
      <Filter>code</Filter>
    </ClCompile>
    <ClCompile Include="..\..\..\assimp\code\FBXProperties.cpp">
      <Filter>code</Filter>
    </ClCompile>
    <ClCompile Include="..\..\..\assimp\code\FBXTokenizer.cpp">
      <Filter>code</Filter>
    </ClCompile>
    <ClCompile Include="..\..\..\assimp\code\FBXUtil.cpp">
      <Filter>code</Filter>
    </ClCompile>
    <ClCompile Include="..\..\..\assimp\code\FindDegenerates.cpp">
      <Filter>code</Filter>
    </ClCompile>
    <ClCompile Include="..\..\..\assimp\code\FindInstancesProcess.cpp">
      <Filter>code</Filter>
    </ClCompile>
    <ClCompile Include="..\..\..\assimp\code\FindInvalidDataProcess.cpp">
      <Filter>code</Filter>
    </ClCompile>
    <ClCompile Include="..\..\..\assimp\code\FixNormalsStep.cpp">
      <Filter>code</Filter>
    </ClCompile>
    <ClCompile Include="..\..\..\assimp\code\GenFaceNormalsProcess.cpp">
      <Filter>code</Filter>
    </ClCompile>
    <ClCompile Include="..\..\..\assimp\code\GenVertexNormalsProcess.cpp">
      <Filter>code</Filter>
    </ClCompile>
    <ClCompile Include="..\..\..\assimp\code\glTFExporter.cpp">
      <Filter>code</Filter>
    </ClCompile>
    <ClCompile Include="..\..\..\assimp\code\glTFImporter.cpp">
      <Filter>code</Filter>
    </ClCompile>
    <ClCompile Include="..\..\..\assimp\code\HMPLoader.cpp">
      <Filter>code</Filter>
    </ClCompile>
    <ClCompile Include="..\..\..\assimp\code\IFCBoolean.cpp">
      <Filter>code</Filter>
    </ClCompile>
    <ClCompile Include="..\..\..\assimp\code\IFCCurve.cpp">
      <Filter>code</Filter>
    </ClCompile>
    <ClCompile Include="..\..\..\assimp\code\IFCGeometry.cpp">
      <Filter>code</Filter>
    </ClCompile>
    <ClCompile Include="..\..\..\assimp\code\IFCLoader.cpp">
      <Filter>code</Filter>
    </ClCompile>
    <ClCompile Include="..\..\..\assimp\code\IFCMaterial.cpp">
      <Filter>code</Filter>
    </ClCompile>
    <ClCompile Include="..\..\..\assimp\code\IFCOpenings.cpp">
      <Filter>code</Filter>
    </ClCompile>
    <ClCompile Include="..\..\..\assimp\code\IFCProfile.cpp">
      <Filter>code</Filter>
    </ClCompile>
    <ClCompile Include="..\..\..\assimp\code\IFCReaderGen.cpp">
      <Filter>code</Filter>
    </ClCompile>
    <ClCompile Include="..\..\..\assimp\code\IFCUtil.cpp">
      <Filter>code</Filter>
    </ClCompile>
    <ClCompile Include="..\..\..\assimp\code\Importer.cpp">
      <Filter>code</Filter>
    </ClCompile>
    <ClCompile Include="..\..\..\assimp\code\ImporterRegistry.cpp">
      <Filter>code</Filter>
    </ClCompile>
    <ClCompile Include="..\..\..\assimp\code\ImproveCacheLocality.cpp">
      <Filter>code</Filter>
    </ClCompile>
    <ClCompile Include="..\..\..\assimp\code\IRRLoader.cpp">
      <Filter>code</Filter>
    </ClCompile>
    <ClCompile Include="..\..\..\assimp\code\IRRMeshLoader.cpp">
      <Filter>code</Filter>
    </ClCompile>
    <ClCompile Include="..\..\..\assimp\code\IRRShared.cpp">
      <Filter>code</Filter>
    </ClCompile>
    <ClCompile Include="..\..\..\assimp\code\JoinVerticesProcess.cpp">
      <Filter>code</Filter>
    </ClCompile>
    <ClCompile Include="..\..\..\assimp\code\LimitBoneWeightsProcess.cpp">
      <Filter>code</Filter>
    </ClCompile>
    <ClCompile Include="..\..\..\assimp\code\LWOAnimation.cpp">
      <Filter>code</Filter>
    </ClCompile>
    <ClCompile Include="..\..\..\assimp\code\LWOBLoader.cpp">
      <Filter>code</Filter>
    </ClCompile>
    <ClCompile Include="..\..\..\assimp\code\LWOLoader.cpp">
      <Filter>code</Filter>
    </ClCompile>
    <ClCompile Include="..\..\..\assimp\code\LWOMaterial.cpp">
      <Filter>code</Filter>
    </ClCompile>
    <ClCompile Include="..\..\..\assimp\code\LWSLoader.cpp">
      <Filter>code</Filter>
    </ClCompile>
    <ClCompile Include="..\..\..\assimp\code\MakeVerboseFormat.cpp">
      <Filter>code</Filter>
    </ClCompile>
    <ClCompile Include="..\..\..\assimp\code\MaterialSystem.cpp">
      <Filter>code</Filter>
    </ClCompile>
    <ClCompile Include="..\..\..\assimp\code\MD2Loader.cpp">
      <Filter>code</Filter>
    </ClCompile>
    <ClCompile Include="..\..\..\assimp\code\MD3Loader.cpp">
      <Filter>code</Filter>
    </ClCompile>
    <ClCompile Include="..\..\..\assimp\code\MD5Loader.cpp">
      <Filter>code</Filter>
    </ClCompile>
    <ClCompile Include="..\..\..\assimp\code\MD5Parser.cpp">
      <Filter>code</Filter>
    </ClCompile>
    <ClCompile Include="..\..\..\assimp\code\MDCLoader.cpp">
      <Filter>code</Filter>
    </ClCompile>
    <ClCompile Include="..\..\..\assimp\code\MDLLoader.cpp">
      <Filter>code</Filter>
    </ClCompile>
    <ClCompile Include="..\..\..\assimp\code\MDLMaterialLoader.cpp">
      <Filter>code</Filter>
    </ClCompile>
    <ClCompile Include="..\..\..\assimp\code\MS3DLoader.cpp">
      <Filter>code</Filter>
    </ClCompile>
    <ClCompile Include="..\..\..\assimp\code\NDOLoader.cpp">
      <Filter>code</Filter>
    </ClCompile>
    <ClCompile Include="..\..\..\assimp\code\NFFLoader.cpp">
      <Filter>code</Filter>
    </ClCompile>
    <ClCompile Include="..\..\..\assimp\code\ObjExporter.cpp">
      <Filter>code</Filter>
    </ClCompile>
    <ClCompile Include="..\..\..\assimp\code\ObjFileImporter.cpp">
      <Filter>code</Filter>
    </ClCompile>
    <ClCompile Include="..\..\..\assimp\code\ObjFileMtlImporter.cpp">
      <Filter>code</Filter>
    </ClCompile>
    <ClCompile Include="..\..\..\assimp\code\ObjFileParser.cpp">
      <Filter>code</Filter>
    </ClCompile>
    <ClCompile Include="..\..\..\assimp\code\OFFLoader.cpp">
      <Filter>code</Filter>
    </ClCompile>
    <ClCompile Include="..\..\..\assimp\code\OgreBinarySerializer.cpp">
      <Filter>code</Filter>
    </ClCompile>
    <ClCompile Include="..\..\..\assimp\code\OgreImporter.cpp">
      <Filter>code</Filter>
    </ClCompile>
    <ClCompile Include="..\..\..\assimp\code\OgreMaterial.cpp">
      <Filter>code</Filter>
    </ClCompile>
    <ClCompile Include="..\..\..\assimp\code\OgreStructs.cpp">
      <Filter>code</Filter>
    </ClCompile>
    <ClCompile Include="..\..\..\assimp\code\OgreXmlSerializer.cpp">
      <Filter>code</Filter>
    </ClCompile>
    <ClCompile Include="..\..\..\assimp\code\OpenGEXExporter.cpp">
      <Filter>code</Filter>
    </ClCompile>
    <ClCompile Include="..\..\..\assimp\code\OpenGEXImporter.cpp">
      <Filter>code</Filter>
    </ClCompile>
    <ClCompile Include="..\..\..\assimp\code\OptimizeGraph.cpp">
      <Filter>code</Filter>
    </ClCompile>
    <ClCompile Include="..\..\..\assimp\code\OptimizeMeshes.cpp">
      <Filter>code</Filter>
    </ClCompile>
    <ClCompile Include="..\..\..\assimp\code\PlyExporter.cpp">
      <Filter>code</Filter>
    </ClCompile>
    <ClCompile Include="..\..\..\assimp\code\PlyLoader.cpp">
      <Filter>code</Filter>
    </ClCompile>
    <ClCompile Include="..\..\..\assimp\code\PlyParser.cpp">
      <Filter>code</Filter>
    </ClCompile>
    <ClCompile Include="..\..\..\assimp\code\PostStepRegistry.cpp">
      <Filter>code</Filter>
    </ClCompile>
    <ClCompile Include="..\..\..\assimp\code\PretransformVertices.cpp">
      <Filter>code</Filter>
    </ClCompile>
    <ClCompile Include="..\..\..\assimp\code\ProcessHelper.cpp">
      <Filter>code</Filter>
    </ClCompile>
    <ClCompile Include="..\..\..\assimp\code\Q3BSPFileImporter.cpp">
      <Filter>code</Filter>
    </ClCompile>
    <ClCompile Include="..\..\..\assimp\code\Q3BSPFileParser.cpp">
      <Filter>code</Filter>
    </ClCompile>
    <ClCompile Include="..\..\..\assimp\code\Q3BSPZipArchive.cpp">
      <Filter>code</Filter>
    </ClCompile>
    <ClCompile Include="..\..\..\assimp\code\Q3DLoader.cpp">
      <Filter>code</Filter>
    </ClCompile>
    <ClCompile Include="..\..\..\assimp\code\RawLoader.cpp">
      <Filter>code</Filter>
    </ClCompile>
    <ClCompile Include="..\..\..\assimp\code\RemoveComments.cpp">
      <Filter>code</Filter>
    </ClCompile>
    <ClCompile Include="..\..\..\assimp\code\RemoveRedundantMaterials.cpp">
      <Filter>code</Filter>
    </ClCompile>
    <ClCompile Include="..\..\..\assimp\code\RemoveVCProcess.cpp">
      <Filter>code</Filter>
    </ClCompile>
    <ClCompile Include="..\..\..\assimp\code\SceneCombiner.cpp">
      <Filter>code</Filter>
    </ClCompile>
    <ClCompile Include="..\..\..\assimp\code\ScenePreprocessor.cpp">
      <Filter>code</Filter>
    </ClCompile>
    <ClCompile Include="..\..\..\assimp\code\SGSpatialSort.cpp">
      <Filter>code</Filter>
    </ClCompile>
    <ClCompile Include="..\..\..\assimp\code\SIBImporter.cpp">
      <Filter>code</Filter>
    </ClCompile>
    <ClCompile Include="..\..\..\assimp\code\SkeletonMeshBuilder.cpp">
      <Filter>code</Filter>
    </ClCompile>
    <ClCompile Include="..\..\..\assimp\code\SMDLoader.cpp">
      <Filter>code</Filter>
    </ClCompile>
    <ClCompile Include="..\..\..\assimp\code\SortByPTypeProcess.cpp">
      <Filter>code</Filter>
    </ClCompile>
    <ClCompile Include="..\..\..\assimp\code\SpatialSort.cpp">
      <Filter>code</Filter>
    </ClCompile>
    <ClCompile Include="..\..\..\assimp\code\SplitByBoneCountProcess.cpp">
      <Filter>code</Filter>
    </ClCompile>
    <ClCompile Include="..\..\..\assimp\code\SplitLargeMeshes.cpp">
      <Filter>code</Filter>
    </ClCompile>
    <ClCompile Include="..\..\..\assimp\code\StandardShapes.cpp">
      <Filter>code</Filter>
    </ClCompile>
    <ClCompile Include="..\..\..\assimp\code\StepExporter.cpp">
      <Filter>code</Filter>
    </ClCompile>
    <ClCompile Include="..\..\..\assimp\code\STEPFileEncoding.cpp">
      <Filter>code</Filter>
    </ClCompile>
    <ClCompile Include="..\..\..\assimp\code\STEPFileReader.cpp">
      <Filter>code</Filter>
    </ClCompile>
    <ClCompile Include="..\..\..\assimp\code\STLExporter.cpp">
      <Filter>code</Filter>
    </ClCompile>
    <ClCompile Include="..\..\..\assimp\code\STLLoader.cpp">
      <Filter>code</Filter>
    </ClCompile>
    <ClCompile Include="..\..\..\assimp\code\Subdivision.cpp">
      <Filter>code</Filter>
    </ClCompile>
    <ClCompile Include="..\..\..\assimp\code\TargetAnimation.cpp">
      <Filter>code</Filter>
    </ClCompile>
    <ClCompile Include="..\..\..\assimp\code\TerragenLoader.cpp">
      <Filter>code</Filter>
    </ClCompile>
    <ClCompile Include="..\..\..\assimp\code\TextureTransform.cpp">
      <Filter>code</Filter>
    </ClCompile>
    <ClCompile Include="..\..\..\assimp\code\TriangulateProcess.cpp">
      <Filter>code</Filter>
    </ClCompile>
    <ClCompile Include="..\..\..\assimp\code\UnrealLoader.cpp">
      <Filter>code</Filter>
    </ClCompile>
    <ClCompile Include="..\..\..\assimp\code\ValidateDataStructure.cpp">
      <Filter>code</Filter>
    </ClCompile>
    <ClCompile Include="..\..\..\assimp\code\Version.cpp">
      <Filter>code</Filter>
    </ClCompile>
    <ClCompile Include="..\..\..\assimp\code\VertexTriangleAdjacency.cpp">
      <Filter>code</Filter>
    </ClCompile>
    <ClCompile Include="..\..\..\assimp\code\XFileExporter.cpp">
      <Filter>code</Filter>
    </ClCompile>
    <ClCompile Include="..\..\..\assimp\code\XFileImporter.cpp">
      <Filter>code</Filter>
    </ClCompile>
    <ClCompile Include="..\..\..\assimp\code\XFileParser.cpp">
      <Filter>code</Filter>
    </ClCompile>
    <ClCompile Include="..\..\..\assimp\code\XGLLoader.cpp">
      <Filter>code</Filter>
    </ClCompile>
    <ClCompile Include="..\..\..\assimp\code\C4DImporter.cpp">
      <Filter>code</Filter>
    </ClCompile>
    <ClCompile Include="MyPCHFile.cpp">
      <Filter>MyHacks</Filter>
    </ClCompile>
  </ItemGroup>
  <ItemGroup>
    <ClInclude Include="revision.h">
      <Filter>MyHacks</Filter>
    </ClInclude>
    <ClInclude Include="zconf.h">
      <Filter>MyHacks</Filter>
    </ClInclude>
    <ClInclude Include="MyPCHFile.h">
      <Filter>MyHacks</Filter>
    </ClInclude>
  </ItemGroup>
</Project>