<?xml version="1.0" encoding="utf-8"?>
<Project ToolsVersion="4.0" xmlns="http://schemas.microsoft.com/developer/msbuild/2003">
  <ItemGroup>
    <Filter Include="Resource Files">
      <UniqueIdentifier>{67DA6AB6-F800-4c08-8B7A-83BB121AAD01}</UniqueIdentifier>
      <Extensions>rc;ico;cur;bmp;dlg;rc2;rct;bin;rgs;gif;jpg;jpeg;jpe;resx;tiff;tif;png;wav;mfcribbon-ms</Extensions>
    </Filter>
    <Filter Include="Include">
      <UniqueIdentifier>{52078e88-ce8d-4258-a172-b80dfb84779e}</UniqueIdentifier>
    </Filter>
    <Filter Include="MyHacks">
      <UniqueIdentifier>{c20aab1b-ca28-4d1d-8838-b87113a0cff2}</UniqueIdentifier>
    </Filter>
    <Filter Include="code">
      <UniqueIdentifier>{4FC737F1-C7A5-4376-A066-2A32D752A2FF}</UniqueIdentifier>
      <Extensions>
      </Extensions>
    </Filter>
    <Filter Include="contrib">
      <UniqueIdentifier>{4d60bc26-03c7-4f8d-80c9-97a431323c0d}</UniqueIdentifier>
    </Filter>
    <Filter Include="contrib\clipper">
      <UniqueIdentifier>{3561294b-22c8-4201-8eb1-21157698e152}</UniqueIdentifier>
    </Filter>
    <Filter Include="contrib\irrXML">
      <UniqueIdentifier>{27c467fe-7129-4a79-bb28-64173168a0fd}</UniqueIdentifier>
    </Filter>
    <Filter Include="contrib\poly2tri">
      <UniqueIdentifier>{0f9461df-ac80-4593-b6ce-25b6b28d1ac4}</UniqueIdentifier>
    </Filter>
    <Filter Include="contrib\poly2tri\common">
      <UniqueIdentifier>{3428fb9d-d3ad-47f7-a972-6b13683c01e0}</UniqueIdentifier>
    </Filter>
    <Filter Include="contrib\poly2tri\sweep">
      <UniqueIdentifier>{77485376-facb-4130-b049-e9de088cdc12}</UniqueIdentifier>
    </Filter>
    <Filter Include="contrib\unzip">
      <UniqueIdentifier>{ce49b943-413d-4dce-95e7-2e1be63434a5}</UniqueIdentifier>
    </Filter>
    <Filter Include="contrib\zlib">
      <UniqueIdentifier>{6b0a79f5-5152-4c5f-82eb-39ca27de65ab}</UniqueIdentifier>
    </Filter>
    <Filter Include="contrib\openddlparser">
      <UniqueIdentifier>{8e883be8-fe11-411b-9a7d-23605bd4f63e}</UniqueIdentifier>
    </Filter>
    <Filter Include="contrib\openddlparser\code">
      <UniqueIdentifier>{6f34f3d4-8d42-4256-b899-aa42401918f0}</UniqueIdentifier>
    </Filter>
    <Filter Include="contrib\rapidjson">
      <UniqueIdentifier>{c7546b74-f221-40cc-a26f-7beceddd3bac}</UniqueIdentifier>
    </Filter>
    <Filter Include="code\Importer">
      <UniqueIdentifier>{0d2d3e6b-94a5-469b-8498-b6ba44459d3a}</UniqueIdentifier>
    </Filter>
    <Filter Include="code\Importer\IFC">
      <UniqueIdentifier>{f2b42419-f6d2-44be-ad95-e6342756e20b}</UniqueIdentifier>
    </Filter>
    <Filter Include="code\Importer\StepFile">
      <UniqueIdentifier>{a4a85ec1-3e1d-4c5a-bfb2-e1c8caaa52a2}</UniqueIdentifier>
    </Filter>
    <Filter Include="code\Importer\STEPParser">
      <UniqueIdentifier>{95a159e1-2b8e-49ec-a781-1d84480463c5}</UniqueIdentifier>
    </Filter>
  </ItemGroup>
  <ItemGroup>
    <ClCompile Include="..\..\..\assimp\contrib\clipper\clipper.cpp">
      <Filter>contrib\clipper</Filter>
    </ClCompile>
    <ClCompile Include="..\..\..\assimp\contrib\irrXML\irrXML.cpp">
      <Filter>contrib\irrXML</Filter>
    </ClCompile>
    <ClCompile Include="..\..\..\assimp\contrib\poly2tri\poly2tri\common\shapes.cc">
      <Filter>contrib\poly2tri\common</Filter>
    </ClCompile>
    <ClCompile Include="..\..\..\assimp\contrib\poly2tri\poly2tri\sweep\advancing_front.cc">
      <Filter>contrib\poly2tri\sweep</Filter>
    </ClCompile>
    <ClCompile Include="..\..\..\assimp\contrib\poly2tri\poly2tri\sweep\cdt.cc">
      <Filter>contrib\poly2tri\sweep</Filter>
    </ClCompile>
    <ClCompile Include="..\..\..\assimp\contrib\poly2tri\poly2tri\sweep\sweep.cc">
      <Filter>contrib\poly2tri\sweep</Filter>
    </ClCompile>
    <ClCompile Include="..\..\..\assimp\contrib\poly2tri\poly2tri\sweep\sweep_context.cc">
      <Filter>contrib\poly2tri\sweep</Filter>
    </ClCompile>
    <ClCompile Include="..\..\..\assimp\contrib\unzip\ioapi.c">
      <Filter>contrib\unzip</Filter>
    </ClCompile>
    <ClCompile Include="..\..\..\assimp\contrib\unzip\unzip.c">
      <Filter>contrib\unzip</Filter>
    </ClCompile>
    <ClCompile Include="..\..\..\assimp\contrib\zlib\adler32.c">
      <Filter>contrib\zlib</Filter>
    </ClCompile>
    <ClCompile Include="..\..\..\assimp\contrib\zlib\compress.c">
      <Filter>contrib\zlib</Filter>
    </ClCompile>
    <ClCompile Include="..\..\..\assimp\contrib\zlib\crc32.c">
      <Filter>contrib\zlib</Filter>
    </ClCompile>
    <ClCompile Include="..\..\..\assimp\contrib\zlib\deflate.c">
      <Filter>contrib\zlib</Filter>
    </ClCompile>
    <ClCompile Include="..\..\..\assimp\contrib\zlib\gzclose.c">
      <Filter>contrib\zlib</Filter>
    </ClCompile>
    <ClCompile Include="..\..\..\assimp\contrib\zlib\gzlib.c">
      <Filter>contrib\zlib</Filter>
    </ClCompile>
    <ClCompile Include="..\..\..\assimp\contrib\zlib\gzread.c">
      <Filter>contrib\zlib</Filter>
    </ClCompile>
    <ClCompile Include="..\..\..\assimp\contrib\zlib\gzwrite.c">
      <Filter>contrib\zlib</Filter>
    </ClCompile>
    <ClCompile Include="..\..\..\assimp\contrib\zlib\infback.c">
      <Filter>contrib\zlib</Filter>
    </ClCompile>
    <ClCompile Include="..\..\..\assimp\contrib\zlib\inffast.c">
      <Filter>contrib\zlib</Filter>
    </ClCompile>
    <ClCompile Include="..\..\..\assimp\contrib\zlib\inflate.c">
      <Filter>contrib\zlib</Filter>
    </ClCompile>
    <ClCompile Include="..\..\..\assimp\contrib\zlib\inftrees.c">
      <Filter>contrib\zlib</Filter>
    </ClCompile>
    <ClCompile Include="..\..\..\assimp\contrib\zlib\trees.c">
      <Filter>contrib\zlib</Filter>
    </ClCompile>
    <ClCompile Include="..\..\..\assimp\contrib\zlib\uncompr.c">
      <Filter>contrib\zlib</Filter>
    </ClCompile>
    <ClCompile Include="..\..\..\assimp\contrib\zlib\zutil.c">
      <Filter>contrib\zlib</Filter>
    </ClCompile>
    <ClCompile Include="..\..\..\assimp\contrib\openddlparser\code\DDLNode.cpp">
      <Filter>contrib\openddlparser\code</Filter>
    </ClCompile>
    <ClCompile Include="..\..\..\assimp\contrib\openddlparser\code\OpenDDLCommon.cpp">
      <Filter>contrib\openddlparser\code</Filter>
    </ClCompile>
    <ClCompile Include="..\..\..\assimp\contrib\openddlparser\code\OpenDDLExport.cpp">
      <Filter>contrib\openddlparser\code</Filter>
    </ClCompile>
    <ClCompile Include="..\..\..\assimp\contrib\openddlparser\code\OpenDDLParser.cpp">
      <Filter>contrib\openddlparser\code</Filter>
    </ClCompile>
    <ClCompile Include="..\..\..\assimp\contrib\openddlparser\code\Value.cpp">
      <Filter>contrib\openddlparser\code</Filter>
    </ClCompile>
    <ClCompile Include="MyPCHFile.cpp">
      <Filter>MyHacks</Filter>
    </ClCompile>
    <ClCompile Include="..\..\..\assimp\code\3DSConverter.cpp">
      <Filter>code</Filter>
    </ClCompile>
    <ClCompile Include="..\..\..\assimp\code\3DSExporter.cpp">
      <Filter>code</Filter>
    </ClCompile>
    <ClCompile Include="..\..\..\assimp\code\3DSLoader.cpp">
      <Filter>code</Filter>
    </ClCompile>
    <ClCompile Include="..\..\..\assimp\code\ACLoader.cpp">
      <Filter>code</Filter>
    </ClCompile>
    <ClCompile Include="..\..\..\assimp\code\AMFImporter.cpp">
      <Filter>code</Filter>
    </ClCompile>
    <ClCompile Include="..\..\..\assimp\code\AMFImporter_Geometry.cpp">
      <Filter>code</Filter>
    </ClCompile>
    <ClCompile Include="..\..\..\assimp\code\AMFImporter_Material.cpp">
      <Filter>code</Filter>
    </ClCompile>
    <ClCompile Include="..\..\..\assimp\code\AMFImporter_Postprocess.cpp">
      <Filter>code</Filter>
    </ClCompile>
    <ClCompile Include="..\..\..\assimp\code\ASELoader.cpp">
      <Filter>code</Filter>
    </ClCompile>
    <ClCompile Include="..\..\..\assimp\code\ASEParser.cpp">
      <Filter>code</Filter>
    </ClCompile>
    <ClCompile Include="..\..\..\assimp\code\AssbinExporter.cpp">
      <Filter>code</Filter>
    </ClCompile>
    <ClCompile Include="..\..\..\assimp\code\AssbinLoader.cpp">
      <Filter>code</Filter>
    </ClCompile>
    <ClCompile Include="..\..\..\assimp\code\Assimp.cpp">
      <Filter>code</Filter>
    </ClCompile>
    <ClCompile Include="..\..\..\assimp\code\AssimpCExport.cpp">
      <Filter>code</Filter>
    </ClCompile>
    <ClCompile Include="..\..\..\assimp\code\AssxmlExporter.cpp">
      <Filter>code</Filter>
    </ClCompile>
    <ClCompile Include="..\..\..\assimp\code\B3DImporter.cpp">
      <Filter>code</Filter>
    </ClCompile>
    <ClCompile Include="..\..\..\assimp\code\BaseImporter.cpp">
      <Filter>code</Filter>
    </ClCompile>
    <ClCompile Include="..\..\..\assimp\code\BaseProcess.cpp">
      <Filter>code</Filter>
    </ClCompile>
    <ClCompile Include="..\..\..\assimp\code\Bitmap.cpp">
      <Filter>code</Filter>
    </ClCompile>
    <ClCompile Include="..\..\..\assimp\code\BlenderBMesh.cpp">
      <Filter>code</Filter>
    </ClCompile>
    <ClCompile Include="..\..\..\assimp\code\BlenderCustomData.cpp">
      <Filter>code</Filter>
    </ClCompile>
    <ClCompile Include="..\..\..\assimp\code\BlenderDNA.cpp">
      <Filter>code</Filter>
    </ClCompile>
    <ClCompile Include="..\..\..\assimp\code\BlenderLoader.cpp">
      <Filter>code</Filter>
    </ClCompile>
    <ClCompile Include="..\..\..\assimp\code\BlenderModifier.cpp">
      <Filter>code</Filter>
    </ClCompile>
    <ClCompile Include="..\..\..\assimp\code\BlenderScene.cpp">
      <Filter>code</Filter>
    </ClCompile>
    <ClCompile Include="..\..\..\assimp\code\BlenderTessellator.cpp">
      <Filter>code</Filter>
    </ClCompile>
    <ClCompile Include="..\..\..\assimp\code\BVHLoader.cpp">
      <Filter>code</Filter>
    </ClCompile>
    <ClCompile Include="..\..\..\assimp\code\C4DImporter.cpp">
      <Filter>code</Filter>
    </ClCompile>
    <ClCompile Include="..\..\..\assimp\code\CalcTangentsProcess.cpp">
      <Filter>code</Filter>
    </ClCompile>
    <ClCompile Include="..\..\..\assimp\code\CInterfaceIOWrapper.cpp">
      <Filter>code</Filter>
    </ClCompile>
    <ClCompile Include="..\..\..\assimp\code\COBLoader.cpp">
      <Filter>code</Filter>
    </ClCompile>
    <ClCompile Include="..\..\..\assimp\code\ColladaExporter.cpp">
      <Filter>code</Filter>
    </ClCompile>
    <ClCompile Include="..\..\..\assimp\code\ColladaLoader.cpp">
      <Filter>code</Filter>
    </ClCompile>
    <ClCompile Include="..\..\..\assimp\code\ColladaParser.cpp">
      <Filter>code</Filter>
    </ClCompile>
    <ClCompile Include="..\..\..\assimp\code\ComputeUVMappingProcess.cpp">
      <Filter>code</Filter>
    </ClCompile>
    <ClCompile Include="..\..\..\assimp\code\ConvertToLHProcess.cpp">
      <Filter>code</Filter>
    </ClCompile>
    <ClCompile Include="..\..\..\assimp\code\CreateAnimMesh.cpp">
      <Filter>code</Filter>
    </ClCompile>
    <ClCompile Include="..\..\..\assimp\code\CSMLoader.cpp">
      <Filter>code</Filter>
    </ClCompile>
    <ClCompile Include="..\..\..\assimp\code\D3MFExporter.cpp">
      <Filter>code</Filter>
    </ClCompile>
    <ClCompile Include="..\..\..\assimp\code\D3MFImporter.cpp">
      <Filter>code</Filter>
    </ClCompile>
    <ClCompile Include="..\..\..\assimp\code\D3MFOpcPackage.cpp">
      <Filter>code</Filter>
    </ClCompile>
    <ClCompile Include="..\..\..\assimp\code\DeboneProcess.cpp">
      <Filter>code</Filter>
    </ClCompile>
    <ClCompile Include="..\..\..\assimp\code\DefaultIOStream.cpp">
      <Filter>code</Filter>
    </ClCompile>
    <ClCompile Include="..\..\..\assimp\code\DefaultIOSystem.cpp">
      <Filter>code</Filter>
    </ClCompile>
    <ClCompile Include="..\..\..\assimp\code\DefaultLogger.cpp">
      <Filter>code</Filter>
    </ClCompile>
    <ClCompile Include="..\..\..\assimp\code\DropFaceNormalsProcess.cpp">
      <Filter>code</Filter>
    </ClCompile>
    <ClCompile Include="..\..\..\assimp\code\DXFLoader.cpp">
      <Filter>code</Filter>
    </ClCompile>
    <ClCompile Include="..\..\..\assimp\code\EmbedTexturesProcess.cpp">
      <Filter>code</Filter>
    </ClCompile>
    <ClCompile Include="..\..\..\assimp\code\Exporter.cpp">
      <Filter>code</Filter>
    </ClCompile>
    <ClCompile Include="..\..\..\assimp\code\FBXAnimation.cpp">
      <Filter>code</Filter>
    </ClCompile>
    <ClCompile Include="..\..\..\assimp\code\FBXBinaryTokenizer.cpp">
      <Filter>code</Filter>
    </ClCompile>
    <ClCompile Include="..\..\..\assimp\code\FBXConverter.cpp">
      <Filter>code</Filter>
    </ClCompile>
    <ClCompile Include="..\..\..\assimp\code\FBXDeformer.cpp">
      <Filter>code</Filter>
    </ClCompile>
    <ClCompile Include="..\..\..\assimp\code\FBXDocument.cpp">
      <Filter>code</Filter>
    </ClCompile>
    <ClCompile Include="..\..\..\assimp\code\FBXDocumentUtil.cpp">
      <Filter>code</Filter>
    </ClCompile>
    <ClCompile Include="..\..\..\assimp\code\FBXExporter.cpp">
      <Filter>code</Filter>
    </ClCompile>
    <ClCompile Include="..\..\..\assimp\code\FBXExportNode.cpp">
      <Filter>code</Filter>
    </ClCompile>
    <ClCompile Include="..\..\..\assimp\code\FBXExportProperty.cpp">
      <Filter>code</Filter>
    </ClCompile>
    <ClCompile Include="..\..\..\assimp\code\FBXImporter.cpp">
      <Filter>code</Filter>
    </ClCompile>
    <ClCompile Include="..\..\..\assimp\code\FBXMaterial.cpp">
      <Filter>code</Filter>
    </ClCompile>
    <ClCompile Include="..\..\..\assimp\code\FBXMeshGeometry.cpp">
      <Filter>code</Filter>
    </ClCompile>
    <ClCompile Include="..\..\..\assimp\code\FBXModel.cpp">
      <Filter>code</Filter>
    </ClCompile>
    <ClCompile Include="..\..\..\assimp\code\FBXNodeAttribute.cpp">
      <Filter>code</Filter>
    </ClCompile>
    <ClCompile Include="..\..\..\assimp\code\FBXParser.cpp">
      <Filter>code</Filter>
    </ClCompile>
    <ClCompile Include="..\..\..\assimp\code\FBXProperties.cpp">
      <Filter>code</Filter>
    </ClCompile>
    <ClCompile Include="..\..\..\assimp\code\FBXTokenizer.cpp">
      <Filter>code</Filter>
    </ClCompile>
    <ClCompile Include="..\..\..\assimp\code\FBXUtil.cpp">
      <Filter>code</Filter>
    </ClCompile>
    <ClCompile Include="..\..\..\assimp\code\FindDegenerates.cpp">
      <Filter>code</Filter>
    </ClCompile>
    <ClCompile Include="..\..\..\assimp\code\FindInstancesProcess.cpp">
      <Filter>code</Filter>
    </ClCompile>
    <ClCompile Include="..\..\..\assimp\code\FindInvalidDataProcess.cpp">
      <Filter>code</Filter>
    </ClCompile>
    <ClCompile Include="..\..\..\assimp\code\FIReader.cpp">
      <Filter>code</Filter>
    </ClCompile>
    <ClCompile Include="..\..\..\assimp\code\FixNormalsStep.cpp">
      <Filter>code</Filter>
    </ClCompile>
    <ClCompile Include="..\..\..\assimp\code\GenFaceNormalsProcess.cpp">
      <Filter>code</Filter>
    </ClCompile>
    <ClCompile Include="..\..\..\assimp\code\GenVertexNormalsProcess.cpp">
      <Filter>code</Filter>
    </ClCompile>
    <ClCompile Include="..\..\..\assimp\code\glTF2Exporter.cpp">
      <Filter>code</Filter>
    </ClCompile>
    <ClCompile Include="..\..\..\assimp\code\glTF2Importer.cpp">
      <Filter>code</Filter>
    </ClCompile>
    <ClCompile Include="..\..\..\assimp\code\glTFExporter.cpp">
      <Filter>code</Filter>
    </ClCompile>
    <ClCompile Include="..\..\..\assimp\code\glTFImporter.cpp">
      <Filter>code</Filter>
    </ClCompile>
    <ClCompile Include="..\..\..\assimp\code\HMPLoader.cpp">
      <Filter>code</Filter>
    </ClCompile>
    <ClCompile Include="..\..\..\assimp\code\Importer.cpp">
      <Filter>code</Filter>
    </ClCompile>
    <ClCompile Include="..\..\..\assimp\code\ImporterRegistry.cpp">
      <Filter>code</Filter>
    </ClCompile>
    <ClCompile Include="..\..\..\assimp\code\ImproveCacheLocality.cpp">
      <Filter>code</Filter>
    </ClCompile>
    <ClCompile Include="..\..\..\assimp\code\IRRLoader.cpp">
      <Filter>code</Filter>
    </ClCompile>
    <ClCompile Include="..\..\..\assimp\code\IRRMeshLoader.cpp">
      <Filter>code</Filter>
    </ClCompile>
    <ClCompile Include="..\..\..\assimp\code\IRRShared.cpp">
      <Filter>code</Filter>
    </ClCompile>
    <ClCompile Include="..\..\..\assimp\code\JoinVerticesProcess.cpp">
      <Filter>code</Filter>
    </ClCompile>
    <ClCompile Include="..\..\..\assimp\code\LimitBoneWeightsProcess.cpp">
      <Filter>code</Filter>
    </ClCompile>
    <ClCompile Include="..\..\..\assimp\code\LWOAnimation.cpp">
      <Filter>code</Filter>
    </ClCompile>
    <ClCompile Include="..\..\..\assimp\code\LWOBLoader.cpp">
      <Filter>code</Filter>
    </ClCompile>
    <ClCompile Include="..\..\..\assimp\code\LWOLoader.cpp">
      <Filter>code</Filter>
    </ClCompile>
    <ClCompile Include="..\..\..\assimp\code\LWOMaterial.cpp">
      <Filter>code</Filter>
    </ClCompile>
    <ClCompile Include="..\..\..\assimp\code\LWSLoader.cpp">
      <Filter>code</Filter>
    </ClCompile>
    <ClCompile Include="..\..\..\assimp\code\MakeVerboseFormat.cpp">
      <Filter>code</Filter>
    </ClCompile>
    <ClCompile Include="..\..\..\assimp\code\MaterialSystem.cpp">
      <Filter>code</Filter>
    </ClCompile>
    <ClCompile Include="..\..\..\assimp\code\MD2Loader.cpp">
      <Filter>code</Filter>
    </ClCompile>
    <ClCompile Include="..\..\..\assimp\code\MD3Loader.cpp">
      <Filter>code</Filter>
    </ClCompile>
    <ClCompile Include="..\..\..\assimp\code\MD5Loader.cpp">
      <Filter>code</Filter>
    </ClCompile>
    <ClCompile Include="..\..\..\assimp\code\MD5Parser.cpp">
      <Filter>code</Filter>
    </ClCompile>
    <ClCompile Include="..\..\..\assimp\code\MDCLoader.cpp">
      <Filter>code</Filter>
    </ClCompile>
    <ClCompile Include="..\..\..\assimp\code\MDLLoader.cpp">
      <Filter>code</Filter>
    </ClCompile>
    <ClCompile Include="..\..\..\assimp\code\MDLMaterialLoader.cpp">
      <Filter>code</Filter>
    </ClCompile>
    <ClCompile Include="..\..\..\assimp\code\MMDImporter.cpp">
      <Filter>code</Filter>
    </ClCompile>
    <ClCompile Include="..\..\..\assimp\code\MMDPmxParser.cpp">
      <Filter>code</Filter>
    </ClCompile>
    <ClCompile Include="..\..\..\assimp\code\MS3DLoader.cpp">
      <Filter>code</Filter>
    </ClCompile>
    <ClCompile Include="..\..\..\assimp\code\NDOLoader.cpp">
      <Filter>code</Filter>
    </ClCompile>
    <ClCompile Include="..\..\..\assimp\code\NFFLoader.cpp">
      <Filter>code</Filter>
    </ClCompile>
    <ClCompile Include="..\..\..\assimp\code\ObjExporter.cpp">
      <Filter>code</Filter>
    </ClCompile>
    <ClCompile Include="..\..\..\assimp\code\ObjFileImporter.cpp">
      <Filter>code</Filter>
    </ClCompile>
    <ClCompile Include="..\..\..\assimp\code\ObjFileMtlImporter.cpp">
      <Filter>code</Filter>
    </ClCompile>
    <ClCompile Include="..\..\..\assimp\code\ObjFileParser.cpp">
      <Filter>code</Filter>
    </ClCompile>
    <ClCompile Include="..\..\..\assimp\code\OFFLoader.cpp">
      <Filter>code</Filter>
    </ClCompile>
    <ClCompile Include="..\..\..\assimp\code\OgreBinarySerializer.cpp">
      <Filter>code</Filter>
    </ClCompile>
    <ClCompile Include="..\..\..\assimp\code\OgreImporter.cpp">
      <Filter>code</Filter>
    </ClCompile>
    <ClCompile Include="..\..\..\assimp\code\OgreMaterial.cpp">
      <Filter>code</Filter>
    </ClCompile>
    <ClCompile Include="..\..\..\assimp\code\OgreStructs.cpp">
      <Filter>code</Filter>
    </ClCompile>
    <ClCompile Include="..\..\..\assimp\code\OgreXmlSerializer.cpp">
      <Filter>code</Filter>
    </ClCompile>
    <ClCompile Include="..\..\..\assimp\code\OpenGEXExporter.cpp">
      <Filter>code</Filter>
    </ClCompile>
    <ClCompile Include="..\..\..\assimp\code\OpenGEXImporter.cpp">
      <Filter>code</Filter>
    </ClCompile>
    <ClCompile Include="..\..\..\assimp\code\OptimizeGraph.cpp">
      <Filter>code</Filter>
    </ClCompile>
    <ClCompile Include="..\..\..\assimp\code\OptimizeMeshes.cpp">
      <Filter>code</Filter>
    </ClCompile>
    <ClCompile Include="..\..\..\assimp\code\PlyExporter.cpp">
      <Filter>code</Filter>
    </ClCompile>
    <ClCompile Include="..\..\..\assimp\code\PlyLoader.cpp">
      <Filter>code</Filter>
    </ClCompile>
    <ClCompile Include="..\..\..\assimp\code\PlyParser.cpp">
      <Filter>code</Filter>
    </ClCompile>
    <ClCompile Include="..\..\..\assimp\code\PostStepRegistry.cpp">
      <Filter>code</Filter>
    </ClCompile>
    <ClCompile Include="..\..\..\assimp\code\PretransformVertices.cpp">
      <Filter>code</Filter>
    </ClCompile>
    <ClCompile Include="..\..\..\assimp\code\ProcessHelper.cpp">
      <Filter>code</Filter>
    </ClCompile>
    <ClCompile Include="..\..\..\assimp\code\Q3BSPFileImporter.cpp">
      <Filter>code</Filter>
    </ClCompile>
    <ClCompile Include="..\..\..\assimp\code\Q3BSPFileParser.cpp">
      <Filter>code</Filter>
    </ClCompile>
    <ClCompile Include="..\..\..\assimp\code\Q3BSPZipArchive.cpp">
      <Filter>code</Filter>
    </ClCompile>
    <ClCompile Include="..\..\..\assimp\code\Q3DLoader.cpp">
      <Filter>code</Filter>
    </ClCompile>
    <ClCompile Include="..\..\..\assimp\code\RawLoader.cpp">
      <Filter>code</Filter>
    </ClCompile>
    <ClCompile Include="..\..\..\assimp\code\RemoveComments.cpp">
      <Filter>code</Filter>
    </ClCompile>
    <ClCompile Include="..\..\..\assimp\code\RemoveRedundantMaterials.cpp">
      <Filter>code</Filter>
    </ClCompile>
    <ClCompile Include="..\..\..\assimp\code\RemoveVCProcess.cpp">
      <Filter>code</Filter>
    </ClCompile>
    <ClCompile Include="..\..\..\assimp\code\ScaleProcess.cpp">
      <Filter>code</Filter>
    </ClCompile>
    <ClCompile Include="..\..\..\assimp\code\scene.cpp">
      <Filter>code</Filter>
    </ClCompile>
    <ClCompile Include="..\..\..\assimp\code\SceneCombiner.cpp">
      <Filter>code</Filter>
    </ClCompile>
    <ClCompile Include="..\..\..\assimp\code\ScenePreprocessor.cpp">
      <Filter>code</Filter>
    </ClCompile>
    <ClCompile Include="..\..\..\assimp\code\SGSpatialSort.cpp">
      <Filter>code</Filter>
    </ClCompile>
    <ClCompile Include="..\..\..\assimp\code\SIBImporter.cpp">
      <Filter>code</Filter>
    </ClCompile>
    <ClCompile Include="..\..\..\assimp\code\simd.cpp">
      <Filter>code</Filter>
    </ClCompile>
    <ClCompile Include="..\..\..\assimp\code\SkeletonMeshBuilder.cpp">
      <Filter>code</Filter>
    </ClCompile>
    <ClCompile Include="..\..\..\assimp\code\SMDLoader.cpp">
      <Filter>code</Filter>
    </ClCompile>
    <ClCompile Include="..\..\..\assimp\code\SortByPTypeProcess.cpp">
      <Filter>code</Filter>
    </ClCompile>
    <ClCompile Include="..\..\..\assimp\code\SpatialSort.cpp">
      <Filter>code</Filter>
    </ClCompile>
    <ClCompile Include="..\..\..\assimp\code\SplitByBoneCountProcess.cpp">
      <Filter>code</Filter>
    </ClCompile>
    <ClCompile Include="..\..\..\assimp\code\SplitLargeMeshes.cpp">
      <Filter>code</Filter>
    </ClCompile>
    <ClCompile Include="..\..\..\assimp\code\StandardShapes.cpp">
      <Filter>code</Filter>
    </ClCompile>
    <ClCompile Include="..\..\..\assimp\code\StepExporter.cpp">
      <Filter>code</Filter>
    </ClCompile>
    <ClCompile Include="..\..\..\assimp\code\STLExporter.cpp">
      <Filter>code</Filter>
    </ClCompile>
    <ClCompile Include="..\..\..\assimp\code\STLLoader.cpp">
      <Filter>code</Filter>
    </ClCompile>
    <ClCompile Include="..\..\..\assimp\code\Subdivision.cpp">
      <Filter>code</Filter>
    </ClCompile>
    <ClCompile Include="..\..\..\assimp\code\TargetAnimation.cpp">
      <Filter>code</Filter>
    </ClCompile>
    <ClCompile Include="..\..\..\assimp\code\TerragenLoader.cpp">
      <Filter>code</Filter>
    </ClCompile>
    <ClCompile Include="..\..\..\assimp\code\TextureTransform.cpp">
      <Filter>code</Filter>
    </ClCompile>
    <ClCompile Include="..\..\..\assimp\code\TriangulateProcess.cpp">
      <Filter>code</Filter>
    </ClCompile>
    <ClCompile Include="..\..\..\assimp\code\UnrealLoader.cpp">
      <Filter>code</Filter>
    </ClCompile>
    <ClCompile Include="..\..\..\assimp\code\ValidateDataStructure.cpp">
      <Filter>code</Filter>
    </ClCompile>
    <ClCompile Include="..\..\..\assimp\code\Version.cpp">
      <Filter>code</Filter>
    </ClCompile>
    <ClCompile Include="..\..\..\assimp\code\VertexTriangleAdjacency.cpp">
      <Filter>code</Filter>
    </ClCompile>
    <ClCompile Include="..\..\..\assimp\code\X3DExporter.cpp">
      <Filter>code</Filter>
    </ClCompile>
    <ClCompile Include="..\..\..\assimp\code\X3DImporter.cpp">
      <Filter>code</Filter>
    </ClCompile>
    <ClCompile Include="..\..\..\assimp\code\X3DImporter_Geometry2D.cpp">
      <Filter>code</Filter>
    </ClCompile>
    <ClCompile Include="..\..\..\assimp\code\X3DImporter_Geometry3D.cpp">
      <Filter>code</Filter>
    </ClCompile>
    <ClCompile Include="..\..\..\assimp\code\X3DImporter_Group.cpp">
      <Filter>code</Filter>
    </ClCompile>
    <ClCompile Include="..\..\..\assimp\code\X3DImporter_Light.cpp">
      <Filter>code</Filter>
    </ClCompile>
    <ClCompile Include="..\..\..\assimp\code\X3DImporter_Metadata.cpp">
      <Filter>code</Filter>
    </ClCompile>
    <ClCompile Include="..\..\..\assimp\code\X3DImporter_Networking.cpp">
      <Filter>code</Filter>
    </ClCompile>
    <ClCompile Include="..\..\..\assimp\code\X3DImporter_Postprocess.cpp">
      <Filter>code</Filter>
    </ClCompile>
    <ClCompile Include="..\..\..\assimp\code\X3DImporter_Rendering.cpp">
      <Filter>code</Filter>
    </ClCompile>
    <ClCompile Include="..\..\..\assimp\code\X3DImporter_Shape.cpp">
      <Filter>code</Filter>
    </ClCompile>
    <ClCompile Include="..\..\..\assimp\code\X3DImporter_Texturing.cpp">
      <Filter>code</Filter>
    </ClCompile>
    <ClCompile Include="..\..\..\assimp\code\X3DVocabulary.cpp">
      <Filter>code</Filter>
    </ClCompile>
    <ClCompile Include="..\..\..\assimp\code\XFileExporter.cpp">
      <Filter>code</Filter>
    </ClCompile>
    <ClCompile Include="..\..\..\assimp\code\XFileImporter.cpp">
      <Filter>code</Filter>
    </ClCompile>
    <ClCompile Include="..\..\..\assimp\code\XFileParser.cpp">
      <Filter>code</Filter>
    </ClCompile>
    <ClCompile Include="..\..\..\assimp\code\XGLLoader.cpp">
      <Filter>code</Filter>
    </ClCompile>
    <ClCompile Include="..\..\..\assimp\code\Importer\IFC\IFCBoolean.cpp">
      <Filter>code\Importer\IFC</Filter>
    </ClCompile>
    <ClCompile Include="..\..\..\assimp\code\Importer\IFC\IFCCurve.cpp">
      <Filter>code\Importer\IFC</Filter>
    </ClCompile>
    <ClCompile Include="..\..\..\assimp\code\Importer\IFC\IFCGeometry.cpp">
      <Filter>code\Importer\IFC</Filter>
    </ClCompile>
    <ClCompile Include="..\..\..\assimp\code\Importer\IFC\IFCLoader.cpp">
      <Filter>code\Importer\IFC</Filter>
    </ClCompile>
    <ClCompile Include="..\..\..\assimp\code\Importer\IFC\IFCMaterial.cpp">
      <Filter>code\Importer\IFC</Filter>
    </ClCompile>
    <ClCompile Include="..\..\..\assimp\code\Importer\IFC\IFCOpenings.cpp">
      <Filter>code\Importer\IFC</Filter>
    </ClCompile>
    <ClCompile Include="..\..\..\assimp\code\Importer\IFC\IFCProfile.cpp">
      <Filter>code\Importer\IFC</Filter>
    </ClCompile>
    <ClCompile Include="..\..\..\assimp\code\Importer\IFC\IFCReaderGen_4.cpp">
      <Filter>code\Importer\IFC</Filter>
    </ClCompile>
    <ClCompile Include="..\..\..\assimp\code\Importer\IFC\IFCReaderGen1_2x3.cpp">
      <Filter>code\Importer\IFC</Filter>
    </ClCompile>
    <ClCompile Include="..\..\..\assimp\code\Importer\IFC\IFCReaderGen2_2x3.cpp">
      <Filter>code\Importer\IFC</Filter>
    </ClCompile>
    <ClCompile Include="..\..\..\assimp\code\Importer\IFC\IFCUtil.cpp">
      <Filter>code\Importer\IFC</Filter>
    </ClCompile>
    <ClCompile Include="..\..\..\assimp\code\Importer\StepFile\StepFileGen1.cpp">
      <Filter>code\Importer\StepFile</Filter>
    </ClCompile>
    <ClCompile Include="..\..\..\assimp\code\Importer\StepFile\StepFileGen2.cpp">
      <Filter>code\Importer\StepFile</Filter>
    </ClCompile>
    <ClCompile Include="..\..\..\assimp\code\Importer\StepFile\StepFileGen3.cpp">
      <Filter>code\Importer\StepFile</Filter>
    </ClCompile>
    <ClCompile Include="..\..\..\assimp\code\Importer\StepFile\StepFileImporter.cpp">
      <Filter>code\Importer\StepFile</Filter>
    </ClCompile>
    <ClCompile Include="..\..\..\assimp\code\Importer\STEPParser\STEPFileEncoding.cpp">
      <Filter>code\Importer\STEPParser</Filter>
    </ClCompile>
    <ClCompile Include="..\..\..\assimp\code\Importer\STEPParser\STEPFileReader.cpp">
      <Filter>code\Importer\STEPParser</Filter>
    </ClCompile>
    <ClCompile Include="..\..\..\assimp\contrib\openddlparser\code\OpenDDLStream.cpp">
      <Filter>contrib\openddlparser\code</Filter>
    </ClCompile>
  </ItemGroup>
  <ItemGroup>
    <ClInclude Include="revision.h">
      <Filter>MyHacks</Filter>
    </ClInclude>
    <ClInclude Include="zconf.h">
      <Filter>MyHacks</Filter>
    </ClInclude>
    <ClInclude Include="MyPCHFile.h">
      <Filter>MyHacks</Filter>
    </ClInclude>
    <ClInclude Include="..\..\..\assimp\code\3DSExporter.h">
      <Filter>code</Filter>
    </ClInclude>
    <ClInclude Include="..\..\..\assimp\code\3DSHelper.h">
      <Filter>code</Filter>
    </ClInclude>
    <ClInclude Include="..\..\..\assimp\code\3DSLoader.h">
      <Filter>code</Filter>
    </ClInclude>
    <ClInclude Include="..\..\..\assimp\code\3MFXmlTags.h">
      <Filter>code</Filter>
    </ClInclude>
    <ClInclude Include="..\..\..\assimp\code\ACLoader.h">
      <Filter>code</Filter>
    </ClInclude>
    <ClInclude Include="..\..\..\assimp\code\AMFImporter.hpp">
      <Filter>code</Filter>
    </ClInclude>
    <ClInclude Include="..\..\..\assimp\code\AMFImporter_Macro.hpp">
      <Filter>code</Filter>
    </ClInclude>
    <ClInclude Include="..\..\..\assimp\code\AMFImporter_Node.hpp">
      <Filter>code</Filter>
    </ClInclude>
    <ClInclude Include="..\..\..\assimp\code\ASELoader.h">
      <Filter>code</Filter>
    </ClInclude>
    <ClInclude Include="..\..\..\assimp\code\ASEParser.h">
      <Filter>code</Filter>
    </ClInclude>
    <ClInclude Include="..\..\..\assimp\code\assbin_chunks.h">
      <Filter>code</Filter>
    </ClInclude>
    <ClInclude Include="..\..\..\assimp\code\AssbinExporter.h">
      <Filter>code</Filter>
    </ClInclude>
    <ClInclude Include="..\..\..\assimp\code\AssbinLoader.h">
      <Filter>code</Filter>
    </ClInclude>
    <ClInclude Include="..\..\..\assimp\code\AssxmlExporter.h">
      <Filter>code</Filter>
    </ClInclude>
    <ClInclude Include="..\..\..\assimp\code\B3DImporter.h">
      <Filter>code</Filter>
    </ClInclude>
    <ClInclude Include="..\..\..\assimp\code\BaseProcess.h">
      <Filter>code</Filter>
    </ClInclude>
    <ClInclude Include="..\..\..\assimp\code\BlenderBMesh.h">
      <Filter>code</Filter>
    </ClInclude>
    <ClInclude Include="..\..\..\assimp\code\BlenderCustomData.h">
      <Filter>code</Filter>
    </ClInclude>
    <ClInclude Include="..\..\..\assimp\code\BlenderDNA.h">
      <Filter>code</Filter>
    </ClInclude>
    <ClInclude Include="..\..\..\assimp\code\BlenderIntermediate.h">
      <Filter>code</Filter>
    </ClInclude>
    <ClInclude Include="..\..\..\assimp\code\BlenderLoader.h">
      <Filter>code</Filter>
    </ClInclude>
    <ClInclude Include="..\..\..\assimp\code\BlenderModifier.h">
      <Filter>code</Filter>
    </ClInclude>
    <ClInclude Include="..\..\..\assimp\code\BlenderScene.h">
      <Filter>code</Filter>
    </ClInclude>
    <ClInclude Include="..\..\..\assimp\code\BlenderSceneGen.h">
      <Filter>code</Filter>
    </ClInclude>
    <ClInclude Include="..\..\..\assimp\code\BlenderTessellator.h">
      <Filter>code</Filter>
    </ClInclude>
    <ClInclude Include="..\..\..\assimp\code\BVHLoader.h">
      <Filter>code</Filter>
    </ClInclude>
    <ClInclude Include="..\..\..\assimp\code\C4DImporter.h">
      <Filter>code</Filter>
    </ClInclude>
    <ClInclude Include="..\..\..\assimp\code\CalcTangentsProcess.h">
      <Filter>code</Filter>
    </ClInclude>
    <ClInclude Include="..\..\..\assimp\code\CInterfaceIOWrapper.h">
      <Filter>code</Filter>
    </ClInclude>
    <ClInclude Include="..\..\..\assimp\code\COBLoader.h">
      <Filter>code</Filter>
    </ClInclude>
    <ClInclude Include="..\..\..\assimp\code\COBScene.h">
      <Filter>code</Filter>
    </ClInclude>
    <ClInclude Include="..\..\..\assimp\code\ColladaExporter.h">
      <Filter>code</Filter>
    </ClInclude>
    <ClInclude Include="..\..\..\assimp\code\ColladaHelper.h">
      <Filter>code</Filter>
    </ClInclude>
    <ClInclude Include="..\..\..\assimp\code\ColladaLoader.h">
      <Filter>code</Filter>
    </ClInclude>
    <ClInclude Include="..\..\..\assimp\code\ColladaParser.h">
      <Filter>code</Filter>
    </ClInclude>
    <ClInclude Include="..\..\..\assimp\code\ComputeUVMappingProcess.h">
      <Filter>code</Filter>
    </ClInclude>
    <ClInclude Include="..\..\..\assimp\code\ConvertToLHProcess.h">
      <Filter>code</Filter>
    </ClInclude>
    <ClInclude Include="..\..\..\assimp\code\CSMLoader.h">
      <Filter>code</Filter>
    </ClInclude>
    <ClInclude Include="..\..\..\assimp\code\D3MFExporter.h">
      <Filter>code</Filter>
    </ClInclude>
    <ClInclude Include="..\..\..\assimp\code\D3MFImporter.h">
      <Filter>code</Filter>
    </ClInclude>
    <ClInclude Include="..\..\..\assimp\code\D3MFOpcPackage.h">
      <Filter>code</Filter>
    </ClInclude>
    <ClInclude Include="..\..\..\assimp\code\DeboneProcess.h">
      <Filter>code</Filter>
    </ClInclude>
    <ClInclude Include="..\..\..\assimp\code\DefaultProgressHandler.h">
      <Filter>code</Filter>
    </ClInclude>
    <ClInclude Include="..\..\..\assimp\code\DropFaceNormalsProcess.h">
      <Filter>code</Filter>
    </ClInclude>
    <ClInclude Include="..\..\..\assimp\code\DXFHelper.h">
      <Filter>code</Filter>
    </ClInclude>
    <ClInclude Include="..\..\..\assimp\code\DXFLoader.h">
      <Filter>code</Filter>
    </ClInclude>
    <ClInclude Include="..\..\..\assimp\code\EmbedTexturesProcess.h">
      <Filter>code</Filter>
    </ClInclude>
    <ClInclude Include="..\..\..\assimp\code\FBXCommon.h">
      <Filter>code</Filter>
    </ClInclude>
    <ClInclude Include="..\..\..\assimp\code\FBXCompileConfig.h">
      <Filter>code</Filter>
    </ClInclude>
    <ClInclude Include="..\..\..\assimp\code\FBXConverter.h">
      <Filter>code</Filter>
    </ClInclude>
    <ClInclude Include="..\..\..\assimp\code\FBXDocument.h">
      <Filter>code</Filter>
    </ClInclude>
    <ClInclude Include="..\..\..\assimp\code\FBXDocumentUtil.h">
      <Filter>code</Filter>
    </ClInclude>
    <ClInclude Include="..\..\..\assimp\code\FBXExporter.h">
      <Filter>code</Filter>
    </ClInclude>
    <ClInclude Include="..\..\..\assimp\code\FBXExportNode.h">
      <Filter>code</Filter>
    </ClInclude>
    <ClInclude Include="..\..\..\assimp\code\FBXExportProperty.h">
      <Filter>code</Filter>
    </ClInclude>
    <ClInclude Include="..\..\..\assimp\code\FBXImporter.h">
      <Filter>code</Filter>
    </ClInclude>
    <ClInclude Include="..\..\..\assimp\code\FBXImportSettings.h">
      <Filter>code</Filter>
    </ClInclude>
    <ClInclude Include="..\..\..\assimp\code\FBXMeshGeometry.h">
      <Filter>code</Filter>
    </ClInclude>
    <ClInclude Include="..\..\..\assimp\code\FBXParser.h">
      <Filter>code</Filter>
    </ClInclude>
    <ClInclude Include="..\..\..\assimp\code\FBXProperties.h">
      <Filter>code</Filter>
    </ClInclude>
    <ClInclude Include="..\..\..\assimp\code\FBXTokenizer.h">
      <Filter>code</Filter>
    </ClInclude>
    <ClInclude Include="..\..\..\assimp\code\FBXUtil.h">
      <Filter>code</Filter>
    </ClInclude>
    <ClInclude Include="..\..\..\assimp\code\FileLogStream.h">
      <Filter>code</Filter>
    </ClInclude>
    <ClInclude Include="..\..\..\assimp\code\FileSystemFilter.h">
      <Filter>code</Filter>
    </ClInclude>
    <ClInclude Include="..\..\..\assimp\code\FindDegenerates.h">
      <Filter>code</Filter>
    </ClInclude>
    <ClInclude Include="..\..\..\assimp\code\FindInstancesProcess.h">
      <Filter>code</Filter>
    </ClInclude>
    <ClInclude Include="..\..\..\assimp\code\FindInvalidDataProcess.h">
      <Filter>code</Filter>
    </ClInclude>
    <ClInclude Include="..\..\..\assimp\code\FIReader.hpp">
      <Filter>code</Filter>
    </ClInclude>
    <ClInclude Include="..\..\..\assimp\code\FixNormalsStep.h">
      <Filter>code</Filter>
    </ClInclude>
    <ClInclude Include="..\..\..\assimp\code\GenFaceNormalsProcess.h">
      <Filter>code</Filter>
    </ClInclude>
    <ClInclude Include="..\..\..\assimp\code\GenVertexNormalsProcess.h">
      <Filter>code</Filter>
    </ClInclude>
    <ClInclude Include="..\..\..\assimp\code\glTF2Asset.h">
      <Filter>code</Filter>
    </ClInclude>
    <ClInclude Include="..\..\..\assimp\code\glTF2AssetWriter.h">
      <Filter>code</Filter>
    </ClInclude>
    <ClInclude Include="..\..\..\assimp\code\glTF2Exporter.h">
      <Filter>code</Filter>
    </ClInclude>
    <ClInclude Include="..\..\..\assimp\code\glTF2Importer.h">
      <Filter>code</Filter>
    </ClInclude>
    <ClInclude Include="..\..\..\assimp\code\glTFAsset.h">
      <Filter>code</Filter>
    </ClInclude>
    <ClInclude Include="..\..\..\assimp\code\glTFAssetWriter.h">
      <Filter>code</Filter>
    </ClInclude>
    <ClInclude Include="..\..\..\assimp\code\glTFExporter.h">
      <Filter>code</Filter>
    </ClInclude>
    <ClInclude Include="..\..\..\assimp\code\glTFImporter.h">
      <Filter>code</Filter>
    </ClInclude>
    <ClInclude Include="..\..\..\assimp\code\HalfLifeFileData.h">
      <Filter>code</Filter>
    </ClInclude>
    <ClInclude Include="..\..\..\assimp\code\HMPFileData.h">
      <Filter>code</Filter>
    </ClInclude>
    <ClInclude Include="..\..\..\assimp\code\HMPLoader.h">
      <Filter>code</Filter>
    </ClInclude>
    <ClInclude Include="..\..\..\assimp\code\IFF.h">
      <Filter>code</Filter>
    </ClInclude>
    <ClInclude Include="..\..\..\assimp\code\Importer.h">
      <Filter>code</Filter>
    </ClInclude>
    <ClInclude Include="..\..\..\assimp\code\ImproveCacheLocality.h">
      <Filter>code</Filter>
    </ClInclude>
    <ClInclude Include="..\..\..\assimp\code\IRRLoader.h">
      <Filter>code</Filter>
    </ClInclude>
    <ClInclude Include="..\..\..\assimp\code\IRRMeshLoader.h">
      <Filter>code</Filter>
    </ClInclude>
    <ClInclude Include="..\..\..\assimp\code\IRRShared.h">
      <Filter>code</Filter>
    </ClInclude>
    <ClInclude Include="..\..\..\assimp\code\JoinVerticesProcess.h">
      <Filter>code</Filter>
    </ClInclude>
    <ClInclude Include="..\..\..\assimp\code\LimitBoneWeightsProcess.h">
      <Filter>code</Filter>
    </ClInclude>
    <ClInclude Include="..\..\..\assimp\code\LWOAnimation.h">
      <Filter>code</Filter>
    </ClInclude>
    <ClInclude Include="..\..\..\assimp\code\LWOFileData.h">
      <Filter>code</Filter>
    </ClInclude>
    <ClInclude Include="..\..\..\assimp\code\LWOLoader.h">
      <Filter>code</Filter>
    </ClInclude>
    <ClInclude Include="..\..\..\assimp\code\LWSLoader.h">
      <Filter>code</Filter>
    </ClInclude>
    <ClInclude Include="..\..\..\assimp\code\MakeVerboseFormat.h">
      <Filter>code</Filter>
    </ClInclude>
    <ClInclude Include="..\..\..\assimp\code\MaterialSystem.h">
      <Filter>code</Filter>
    </ClInclude>
    <ClInclude Include="..\..\..\assimp\code\MD2FileData.h">
      <Filter>code</Filter>
    </ClInclude>
    <ClInclude Include="..\..\..\assimp\code\MD2Loader.h">
      <Filter>code</Filter>
    </ClInclude>
    <ClInclude Include="..\..\..\assimp\code\MD2NormalTable.h">
      <Filter>code</Filter>
    </ClInclude>
    <ClInclude Include="..\..\..\assimp\code\MD3FileData.h">
      <Filter>code</Filter>
    </ClInclude>
    <ClInclude Include="..\..\..\assimp\code\MD3Loader.h">
      <Filter>code</Filter>
    </ClInclude>
    <ClInclude Include="..\..\..\assimp\code\MD4FileData.h">
      <Filter>code</Filter>
    </ClInclude>
    <ClInclude Include="..\..\..\assimp\code\MD5Loader.h">
      <Filter>code</Filter>
    </ClInclude>
    <ClInclude Include="..\..\..\assimp\code\MD5Parser.h">
      <Filter>code</Filter>
    </ClInclude>
    <ClInclude Include="..\..\..\assimp\code\MDCFileData.h">
      <Filter>code</Filter>
    </ClInclude>
    <ClInclude Include="..\..\..\assimp\code\MDCLoader.h">
      <Filter>code</Filter>
    </ClInclude>
    <ClInclude Include="..\..\..\assimp\code\MDCNormalTable.h">
      <Filter>code</Filter>
    </ClInclude>
    <ClInclude Include="..\..\..\assimp\code\MDLDefaultColorMap.h">
      <Filter>code</Filter>
    </ClInclude>
    <ClInclude Include="..\..\..\assimp\code\MDLFileData.h">
      <Filter>code</Filter>
    </ClInclude>
    <ClInclude Include="..\..\..\assimp\code\MDLLoader.h">
      <Filter>code</Filter>
    </ClInclude>
    <ClInclude Include="..\..\..\assimp\code\MMDCpp14.h">
      <Filter>code</Filter>
    </ClInclude>
    <ClInclude Include="..\..\..\assimp\code\MMDImporter.h">
      <Filter>code</Filter>
    </ClInclude>
    <ClInclude Include="..\..\..\assimp\code\MMDPmdParser.h">
      <Filter>code</Filter>
    </ClInclude>
    <ClInclude Include="..\..\..\assimp\code\MMDPmxParser.h">
      <Filter>code</Filter>
    </ClInclude>
    <ClInclude Include="..\..\..\assimp\code\MMDVmdParser.h">
      <Filter>code</Filter>
    </ClInclude>
    <ClInclude Include="..\..\..\assimp\code\MS3DLoader.h">
      <Filter>code</Filter>
    </ClInclude>
    <ClInclude Include="..\..\..\assimp\code\NDOLoader.h">
      <Filter>code</Filter>
    </ClInclude>
    <ClInclude Include="..\..\..\assimp\code\NFFLoader.h">
      <Filter>code</Filter>
    </ClInclude>
    <ClInclude Include="..\..\..\assimp\code\ObjExporter.h">
      <Filter>code</Filter>
    </ClInclude>
    <ClInclude Include="..\..\..\assimp\code\ObjFileData.h">
      <Filter>code</Filter>
    </ClInclude>
    <ClInclude Include="..\..\..\assimp\code\ObjFileImporter.h">
      <Filter>code</Filter>
    </ClInclude>
    <ClInclude Include="..\..\..\assimp\code\ObjFileMtlImporter.h">
      <Filter>code</Filter>
    </ClInclude>
    <ClInclude Include="..\..\..\assimp\code\ObjFileParser.h">
      <Filter>code</Filter>
    </ClInclude>
    <ClInclude Include="..\..\..\assimp\code\ObjTools.h">
      <Filter>code</Filter>
    </ClInclude>
    <ClInclude Include="..\..\..\assimp\code\OFFLoader.h">
      <Filter>code</Filter>
    </ClInclude>
    <ClInclude Include="..\..\..\assimp\code\OgreBinarySerializer.h">
      <Filter>code</Filter>
    </ClInclude>
    <ClInclude Include="..\..\..\assimp\code\OgreImporter.h">
      <Filter>code</Filter>
    </ClInclude>
    <ClInclude Include="..\..\..\assimp\code\OgreParsingUtils.h">
      <Filter>code</Filter>
    </ClInclude>
    <ClInclude Include="..\..\..\assimp\code\OgreStructs.h">
      <Filter>code</Filter>
    </ClInclude>
    <ClInclude Include="..\..\..\assimp\code\OgreXmlSerializer.h">
      <Filter>code</Filter>
    </ClInclude>
    <ClInclude Include="..\..\..\assimp\code\OpenGEXExporter.h">
      <Filter>code</Filter>
    </ClInclude>
    <ClInclude Include="..\..\..\assimp\code\OpenGEXImporter.h">
      <Filter>code</Filter>
    </ClInclude>
    <ClInclude Include="..\..\..\assimp\code\OpenGEXStructs.h">
      <Filter>code</Filter>
    </ClInclude>
    <ClInclude Include="..\..\..\assimp\code\OptimizeGraph.h">
      <Filter>code</Filter>
    </ClInclude>
    <ClInclude Include="..\..\..\assimp\code\OptimizeMeshes.h">
      <Filter>code</Filter>
    </ClInclude>
    <ClInclude Include="..\..\..\assimp\code\PlyExporter.h">
      <Filter>code</Filter>
    </ClInclude>
    <ClInclude Include="..\..\..\assimp\code\PlyLoader.h">
      <Filter>code</Filter>
    </ClInclude>
    <ClInclude Include="..\..\..\assimp\code\PlyParser.h">
      <Filter>code</Filter>
    </ClInclude>
    <ClInclude Include="..\..\..\assimp\code\PolyTools.h">
      <Filter>code</Filter>
    </ClInclude>
    <ClInclude Include="..\..\..\assimp\code\PretransformVertices.h">
      <Filter>code</Filter>
    </ClInclude>
    <ClInclude Include="..\..\..\assimp\code\ProcessHelper.h">
      <Filter>code</Filter>
    </ClInclude>
    <ClInclude Include="..\..\..\assimp\code\Q3BSPFileData.h">
      <Filter>code</Filter>
    </ClInclude>
    <ClInclude Include="..\..\..\assimp\code\Q3BSPFileImporter.h">
      <Filter>code</Filter>
    </ClInclude>
    <ClInclude Include="..\..\..\assimp\code\Q3BSPFileParser.h">
      <Filter>code</Filter>
    </ClInclude>
    <ClInclude Include="..\..\..\assimp\code\Q3BSPZipArchive.h">
      <Filter>code</Filter>
    </ClInclude>
    <ClInclude Include="..\..\..\assimp\code\Q3DLoader.h">
      <Filter>code</Filter>
    </ClInclude>
    <ClInclude Include="..\..\..\assimp\code\RawLoader.h">
      <Filter>code</Filter>
    </ClInclude>
    <ClInclude Include="..\..\..\assimp\code\RemoveRedundantMaterials.h">
      <Filter>code</Filter>
    </ClInclude>
    <ClInclude Include="..\..\..\assimp\code\RemoveVCProcess.h">
      <Filter>code</Filter>
    </ClInclude>
    <ClInclude Include="..\..\..\assimp\code\ScaleProcess.h">
      <Filter>code</Filter>
    </ClInclude>
    <ClInclude Include="..\..\..\assimp\code\ScenePreprocessor.h">
      <Filter>code</Filter>
    </ClInclude>
    <ClInclude Include="..\..\..\assimp\code\ScenePrivate.h">
      <Filter>code</Filter>
    </ClInclude>
    <ClInclude Include="..\..\..\assimp\code\SIBImporter.h">
      <Filter>code</Filter>
    </ClInclude>
    <ClInclude Include="..\..\..\assimp\code\simd.h">
      <Filter>code</Filter>
    </ClInclude>
    <ClInclude Include="..\..\..\assimp\code\SMDLoader.h">
      <Filter>code</Filter>
    </ClInclude>
    <ClInclude Include="..\..\..\assimp\code\SortByPTypeProcess.h">
      <Filter>code</Filter>
    </ClInclude>
    <ClInclude Include="..\..\..\assimp\code\SplitByBoneCountProcess.h">
      <Filter>code</Filter>
    </ClInclude>
    <ClInclude Include="..\..\..\assimp\code\SplitLargeMeshes.h">
      <Filter>code</Filter>
    </ClInclude>
    <ClInclude Include="..\..\..\assimp\code\StdOStreamLogStream.h">
      <Filter>code</Filter>
    </ClInclude>
    <ClInclude Include="..\..\..\assimp\code\StepExporter.h">
      <Filter>code</Filter>
    </ClInclude>
    <ClInclude Include="..\..\..\assimp\code\STEPFile.h">
      <Filter>code</Filter>
    </ClInclude>
    <ClInclude Include="..\..\..\assimp\code\STLExporter.h">
      <Filter>code</Filter>
    </ClInclude>
    <ClInclude Include="..\..\..\assimp\code\STLLoader.h">
      <Filter>code</Filter>
    </ClInclude>
    <ClInclude Include="..\..\..\assimp\code\TargetAnimation.h">
      <Filter>code</Filter>
    </ClInclude>
    <ClInclude Include="..\..\..\assimp\code\TerragenLoader.h">
      <Filter>code</Filter>
    </ClInclude>
    <ClInclude Include="..\..\..\assimp\code\TextureTransform.h">
      <Filter>code</Filter>
    </ClInclude>
    <ClInclude Include="..\..\..\assimp\code\TriangulateProcess.h">
      <Filter>code</Filter>
    </ClInclude>
    <ClInclude Include="..\..\..\assimp\code\UnrealLoader.h">
      <Filter>code</Filter>
    </ClInclude>
    <ClInclude Include="..\..\..\assimp\code\ValidateDataStructure.h">
      <Filter>code</Filter>
    </ClInclude>
    <ClInclude Include="..\..\..\assimp\code\VertexTriangleAdjacency.h">
      <Filter>code</Filter>
    </ClInclude>
    <ClInclude Include="..\..\..\assimp\code\Win32DebugLogStream.h">
      <Filter>code</Filter>
    </ClInclude>
    <ClInclude Include="..\..\..\assimp\code\X3DExporter.hpp">
      <Filter>code</Filter>
    </ClInclude>
    <ClInclude Include="..\..\..\assimp\code\X3DImporter.hpp">
      <Filter>code</Filter>
    </ClInclude>
    <ClInclude Include="..\..\..\assimp\code\X3DImporter_Macro.hpp">
      <Filter>code</Filter>
    </ClInclude>
    <ClInclude Include="..\..\..\assimp\code\X3DImporter_Node.hpp">
      <Filter>code</Filter>
    </ClInclude>
    <ClInclude Include="..\..\..\assimp\code\XFileExporter.h">
      <Filter>code</Filter>
    </ClInclude>
    <ClInclude Include="..\..\..\assimp\code\XFileHelper.h">
      <Filter>code</Filter>
    </ClInclude>
    <ClInclude Include="..\..\..\assimp\code\XFileImporter.h">
      <Filter>code</Filter>
    </ClInclude>
    <ClInclude Include="..\..\..\assimp\code\XFileParser.h">
      <Filter>code</Filter>
    </ClInclude>
    <ClInclude Include="..\..\..\assimp\code\XGLLoader.h">
      <Filter>code</Filter>
    </ClInclude>
    <ClInclude Include="..\..\..\assimp\code\Importer\IFC\IFCLoader.h">
      <Filter>code\Importer\IFC</Filter>
    </ClInclude>
    <ClInclude Include="..\..\..\assimp\code\Importer\IFC\IFCReaderGen_2x3.h">
      <Filter>code\Importer\IFC</Filter>
    </ClInclude>
    <ClInclude Include="..\..\..\assimp\code\Importer\IFC\IFCReaderGen_4.h">
      <Filter>code\Importer\IFC</Filter>
    </ClInclude>
    <ClInclude Include="..\..\..\assimp\code\Importer\IFC\IFCUtil.h">
      <Filter>code\Importer\IFC</Filter>
    </ClInclude>
    <ClInclude Include="..\..\..\assimp\code\Importer\StepFile\StepFileImporter.h">
      <Filter>code\Importer\StepFile</Filter>
    </ClInclude>
    <ClInclude Include="..\..\..\assimp\code\Importer\StepFile\StepReaderGen.h">
      <Filter>code\Importer\StepFile</Filter>
    </ClInclude>
    <ClInclude Include="..\..\..\assimp\code\Importer\STEPParser\STEPFileEncoding.h">
      <Filter>code\Importer\STEPParser</Filter>
    </ClInclude>
    <ClInclude Include="..\..\..\assimp\code\Importer\STEPParser\STEPFileReader.h">
      <Filter>code\Importer\STEPParser</Filter>
    </ClInclude>
    <ClInclude Include="config.h">
      <Filter>MyHacks</Filter>
    </ClInclude>
  </ItemGroup>
  <ItemGroup>
    <None Include="..\..\..\assimp\code\BlenderDNA.inl">
      <Filter>code</Filter>
    </None>
    <None Include="..\..\..\assimp\code\glTF2Asset.inl">
      <Filter>code</Filter>
    </None>
    <None Include="..\..\..\assimp\code\glTF2AssetWriter.inl">
      <Filter>code</Filter>
    </None>
    <None Include="..\..\..\assimp\code\glTFAsset.inl">
      <Filter>code</Filter>
    </None>
    <None Include="..\..\..\assimp\code\glTFAssetWriter.inl">
      <Filter>code</Filter>
    </None>
    <None Include="..\..\..\assimp\code\makefile.mingw">
      <Filter>code</Filter>
    </None>
    <None Include="..\..\..\assimp\include\assimp\config.h.in">
      <Filter>Include</Filter>
    </None>
  </ItemGroup>
  <ItemGroup>
    <Text Include="..\..\..\assimp\code\CMakeLists.txt">
      <Filter>code</Filter>
    </Text>
  </ItemGroup>
</Project>